# This file was autogenerated by Stack.
# You should not edit this file by hand.
# For more information, please see the documentation at:
#   https://docs.haskellstack.org/en/stable/topics/lock_files

packages:
- completed:
    hackage: bitwise-1.0.0.1@sha256:a9a6055dbfaa4145e34900d3bedf6ced1345e114092394658b2953f28c3fa31e,3111
    pantry-tree:
      sha256: 25bb260d8c1c0a17834fd966fefaac836144cf6d7036f659208ee6ab5c37fb9c
      size: 760
  original:
    hackage: bitwise-1.0.0.1
- completed:
    hackage: bytestring-arbitrary-0.1.3@sha256:14db64d4fe126fbad2eb8d3601bfd80a693f3131e2db0e76891feffe44f10df8,1773
    pantry-tree:
      sha256: ea68c43da070afaddd1758f3180140f4cb844f559d4663246757b27a72200092
      size: 347
  original:
    hackage: bytestring-arbitrary-0.1.3@sha256:14db64d4fe126fbad2eb8d3601bfd80a693f3131e2db0e76891feffe44f10df8,1773
- completed:
    hackage: contra-tracer-0.2.0.0@sha256:7e1df39934fb0ecf4533196c819946455ec377fbc169b819be151906db244fc2,905
    pantry-tree:
      sha256: 98f89f6f7ab367d0e70e54822fb9639c24467fc06599e3e87e9faa59486bcfe4
      size: 341
  original:
    hackage: contra-tracer-0.2.0.0
- completed:
    hackage: Crypto-4.2.5.2@sha256:5b1b4302dbb97ec66e0f03c49f49c382bf3cfeae9701e12871c5467f827a539b,4127
    pantry-tree:
      sha256: 0ebb9592e36b398da1f791a37eb2309560cef91fbd71488005b46aa2f4432f52
      size: 2364
  original:
    hackage: Crypto-4.2.5.2
- completed:
    hackage: Decimal-0.5.2@sha256:83dd16a1c0737fd35fdb1088af36e1a53034e75090e3f0d4ad32296f1a35a13b,1711
    pantry-tree:
      sha256: 8d94b732e9ea24ab4f0aa185a5128f83cf049d6995747335ad49420d325c1a91
      size: 373
  original:
    hackage: Decimal-0.5.2
- completed:
    hackage: dom-lt-0.2.3@sha256:1df9402e21e97de0da74fdf2a9f8c96ab8a710c602eb6d22ac8e9c274db51090,1938
    pantry-tree:
      sha256: 86e1e0db27d57081e424ef2d607e088180a8b8cb73d1d6aebc5257a365d66373
      size: 442
  original:
    hackage: dom-lt-0.2.3
- completed:
    hackage: ghc-debug-client-0.5.0.0@sha256:e88b30b2ffd8f27aadc32e5bb4e2ad2a783eb4c3c02548ac8910021eb26ada9e,2822
    pantry-tree:
      sha256: b9721365e834d93a688cf892dc9bdb79ab9184ee546d8ac2e06d8a5eaee57203
      size: 1658
  original:
    hackage: ghc-debug-client-0.5.0.0
- completed:
    hackage: ghc-debug-common-0.5.0.0@sha256:e0cc4a4c10f62ee862c759e8df8d37f9f081df984374034f11d3e7a6ee318bb3,2006
    pantry-tree:
      sha256: 48ec9072ecb3b4dd137fc7bf89cbc2db8419c57f7673fdb5361bb4cc8da979eb
      size: 937
  original:
    hackage: ghc-debug-common-0.5.0.0
- completed:
    hackage: ghc-debug-convention-0.5.0.0@sha256:f87583cbe5ce6d6307d3b46aba682c35de3223ee0bbb14e211bdc81322cb9c32,628
    pantry-tree:
      sha256: 2fa2d084080ac3325c828bad1b27ce99dcfcad2fd5cab5b523fdbb54dee6aa1c
      size: 189
  original:
    hackage: ghc-debug-convention-0.5.0.0
- completed:
    hackage: global-lock-0.1@sha256:b7affe140763f53f17fd9c937dfe9b8023c7d209216fb3793933957e49a7446f,1327
    pantry-tree:
      sha256: d909a170116ad483db6fc9d5190211f6a0e4b7dcd8e87f38ff2337b6a9bd9be6
      size: 492
  original:
    hackage: global-lock-0.1@sha256:b7affe140763f53f17fd9c937dfe9b8023c7d209216fb3793933957e49a7446f,1327
- completed:
    hackage: hflags-0.4.3@sha256:f6b85fc7cbd170787f49225646e62d5589e5dd75abe6f26d16287e5fff3e678e,3121
    pantry-tree:
      sha256: 2519de50ccfe2d47f03aad3cff660617aab4beea7a6c003c50f94aa74d63a7c7
      size: 853
  original:
    hackage: hflags-0.4.3@sha256:f6b85fc7cbd170787f49225646e62d5589e5dd75abe6f26d16287e5fff3e678e,3121
- completed:
    hackage: hoogle-5.0.18.4@sha256:aaf0274da7de4e31ade69ad09f57a59ee25b3765cd102e631629850521754984,3333
    pantry-tree:
      sha256: 62d0ccb848ecd2b8f29dc782e3d0a9bde57fa626f09e800822229965728f476c
      size: 3414
  original:
    hackage: hoogle-5.0.18.4
- completed:
    hackage: lens-family-th-0.5.2.1@sha256:24338a7a9bb8c8bca0d5e713ce62df066058bad6c15e6eb609593fd7fe93b3cf,1294
    pantry-tree:
      sha256: 3935a6ba04e95cda59519a18fbec7a3aabcf12cfa4fe6751a51ac7df0c4b161f
      size: 451
  original:
    hackage: lens-family-th-0.5.2.1@sha256:24338a7a9bb8c8bca0d5e713ce62df066058bad6c15e6eb609593fd7fe93b3cf,1294
- completed:
    hackage: monadIO-0.11.1.0@sha256:2407c8aee3a74f3eba897f7c87f702f502394aec8cd412f3d2334cc353f54f13,964
    pantry-tree:
      sha256: 608107686873b5685ba9d29d65a61fad8f6868e58d92da6349902a851345c125
      size: 443
  original:
    hackage: monadIO-0.11.1.0@sha256:2407c8aee3a74f3eba897f7c87f702f502394aec8cd412f3d2334cc353f54f13,964
- completed:
    hackage: safe-0.3.21@sha256:b928ea1645876788155b38ce85c7e46d157a1bb41d2b05f5770b13d60bc6a3f7,2400
    pantry-tree:
      sha256: ffc22bbfa2397e8b12a5ac0d867e4c93fea452d536f35f6f01f90fa326ee1652
      size: 564
  original:
    hackage: safe-0.3.21
- completed:
    hackage: semver-range-0.2.8@sha256:44918080c220cf67b6e7c8ad16f01f3cfe1ac69d4f72e528e84d566348bb23c3,1941
    pantry-tree:
      sha256: fd72964da8246cc09d477b4c6e6f20971de058917d08d9f8183f5c0e2116f9c6
      size: 401
  original:
    hackage: semver-range-0.2.8@sha256:44918080c220cf67b6e7c8ad16f01f3cfe1ac69d4f72e528e84d566348bb23c3,1941
- completed:
    hackage: servant-options-0.1.0.0@sha256:39f50166a68006250e79370372f553ca476f14d06d93fa0c401050253aeba803,914
    pantry-tree:
      sha256: 7812baf1b27c62068ba634207fbd7077b886424d666b36739a78c6d4008a1fd4
      size: 293
  original:
    hackage: servant-options-0.1.0.0@sha256:39f50166a68006250e79370372f553ca476f14d06d93fa0c401050253aeba803,914
- completed:
    hackage: wai-extra-3.1.14@sha256:1b093366842dc0057cebb4a23dbf9a29269321d70fd242c7695ce0bbd80d32fb,8056
    pantry-tree:
      sha256: d07363652abb5bd459fd2f971931395c0905e5b5d30a426d1f8422b75fd3331e
      size: 4634
  original:
    hackage: wai-extra-3.1.14@sha256:1b093366842dc0057cebb4a23dbf9a29269321d70fd242c7695ce0bbd80d32fb,8056
snapshots:
- completed:
    sha256: 8b211c5a6aad3787e023dfddaf7de7868968e4f240ecedf14ad1c5b2199046ca
    size: 714097
    url: https://raw.githubusercontent.com/commercialhaskell/stackage-snapshots/master/lts/22/4.yaml
  original: lts-22.4
